
Microsoft Visual Studio Solution File, Format Version 12.00
# Visual Studio Version 17
VisualStudioVersion = 17.3.32929.385
MinimumVisualStudioVersion = 10.0.40219.1
Project("{9A19103F-16F7-4668-BE54-9A1E7A4F7556}") = "AjmeraInfoTechAPI", "AjmeraInfoTechAPI\AjmeraInfoTechAPI.csproj", "{A34EE4FD-2DD3-409C-8D1F-EE78E2C3297A}"
EndProject
Project("{FAE04EC0-301F-11D3-BF4B-00C04F79EFBC}") = "WebAPI.Test", "WebAPI.Test\WebAPI.Test.csproj", "{A9A7CCA1-2F7F-4A79-9726-9F77EA1D0435}"
EndProject
Global
	GlobalSection(SolutionConfigurationPlatforms) = preSolution
		Debug|Any CPU = Debug|Any CPU
		Release|Any CPU = Release|Any CPU
	EndGlobalSection
	GlobalSection(ProjectConfigurationPlatforms) = postSolution
		{A34EE4FD-2DD3-409C-8D1F-EE78E2C3297A}.Debug|Any CPU.ActiveCfg = Debug|Any CPU
		{A34EE4FD-2DD3-409C-8D1F-EE78E2C3297A}.Debug|Any CPU.Build.0 = Debug|Any CPU
		{A34EE4FD-2DD3-409C-8D1F-EE78E2C3297A}.Release|Any CPU.ActiveCfg = Release|Any CPU
		{A34EE4FD-2DD3-409C-8D1F-EE78E2C3297A}.Release|Any CPU.Build.0 = Release|Any CPU
		{A9A7CCA1-2F7F-4A79-9726-9F77EA1D0435}.Debug|Any CPU.ActiveCfg = Debug|Any CPU
		{A9A7CCA1-2F7F-4A79-9726-9F77EA1D0435}.Debug|Any CPU.Build.0 = Debug|Any CPU
		{A9A7CCA1-2F7F-4A79-9726-9F77EA1D0435}.Release|Any CPU.ActiveCfg = Release|Any CPU
		{A9A7CCA1-2F7F-4A79-9726-9F77EA1D0435}.Release|Any CPU.Build.0 = Release|Any CPU
	EndGlobalSection
	GlobalSection(SolutionProperties) = preSolution
		HideSolutionNode = FALSE
	EndGlobalSection
	GlobalSection(ExtensibilityGlobals) = postSolution
		SolutionGuid = {A26E96DF-AF74-41C4-AE62-19777AE691AE}
	EndGlobalSection
EndGlobal
